// !$*UTF8*$!
{
	archiveVersion = 1;
	classes = {
	};
	objectVersion = 50;
	objects = {

/* Begin PBXBuildFile section */
		6BF0839B928AA9FC6352808B /* Pods_Investigation.framework in Frameworks */ = {isa = PBXBuildFile; fileRef = FB61016CBFD22C86C2D0C2B3 /* Pods_Investigation.framework */; };
		E96F58B02347A48500FC55FC /* AppDelegate.swift in Sources */ = {isa = PBXBuildFile; fileRef = E96F58AF2347A48500FC55FC /* AppDelegate.swift */; };
		E96F58B22347A48500FC55FC /* SceneDelegate.swift in Sources */ = {isa = PBXBuildFile; fileRef = E96F58B12347A48500FC55FC /* SceneDelegate.swift */; };
		E96F58B42347A48500FC55FC /* ViewController.swift in Sources */ = {isa = PBXBuildFile; fileRef = E96F58B32347A48500FC55FC /* ViewController.swift */; };
		E96F58B72347A48500FC55FC /* Main.storyboard in Resources */ = {isa = PBXBuildFile; fileRef = E96F58B52347A48500FC55FC /* Main.storyboard */; };
		E96F58B92347A48700FC55FC /* Assets.xcassets in Resources */ = {isa = PBXBuildFile; fileRef = E96F58B82347A48700FC55FC /* Assets.xcassets */; };
		E96F58BC2347A48700FC55FC /* LaunchScreen.storyboard in Resources */ = {isa = PBXBuildFile; fileRef = E96F58BA2347A48700FC55FC /* LaunchScreen.storyboard */; };
/* End PBXBuildFile section */

/* Begin PBXFileReference section */
		7A60C74EDF01E0E6E0BD9DE5 /* Pods-Investigation.debug.xcconfig */ = {isa = PBXFileReference; includeInIndex = 1; lastKnownFileType = text.xcconfig; name = "Pods-Investigation.debug.xcconfig"; path = "Target Support Files/Pods-Investigation/Pods-Investigation.debug.xcconfig"; sourceTree = "<group>"; };
		85D49C34312B802CC95D3504 /* Pods-Investigation.release.xcconfig */ = {isa = PBXFileReference; includeInIndex = 1; lastKnownFileType = text.xcconfig; name = "Pods-Investigation.release.xcconfig"; path = "Target Support Files/Pods-Investigation/Pods-Investigation.release.xcconfig"; sourceTree = "<group>"; };
		E96F58AC2347A48500FC55FC /* Investigation.app */ = {isa = PBXFileReference; explicitFileType = wrapper.application; includeInIndex = 0; path = Investigation.app; sourceTree = BUILT_PRODUCTS_DIR; };
		E96F58AF2347A48500FC55FC /* AppDelegate.swift */ = {isa = PBXFileReference; lastKnownFileType = sourcecode.swift; path = AppDelegate.swift; sourceTree = "<group>"; };
		E96F58B12347A48500FC55FC /* SceneDelegate.swift */ = {isa = PBXFileReference; lastKnownFileType = sourcecode.swift; path = SceneDelegate.swift; sourceTree = "<group>"; };
		E96F58B32347A48500FC55FC /* ViewController.swift */ = {isa = PBXFileReference; lastKnownFileType = sourcecode.swift; path = ViewController.swift; sourceTree = "<group>"; };
		E96F58B62347A48500FC55FC /* Base */ = {isa = PBXFileReference; lastKnownFileType = file.storyboard; name = Base; path = Base.lproj/Main.storyboard; sourceTree = "<group>"; };
		E96F58B82347A48700FC55FC /* Assets.xcassets */ = {isa = PBXFileReference; lastKnownFileType = folder.assetcatalog; path = Assets.xcassets; sourceTree = "<group>"; };
		E96F58BB2347A48700FC55FC /* Base */ = {isa = PBXFileReference; lastKnownFileType = file.storyboard; name = Base; path = Base.lproj/LaunchScreen.storyboard; sourceTree = "<group>"; };
		E96F58BD2347A48700FC55FC /* Info.plist */ = {isa = PBXFileReference; lastKnownFileType = text.plist.xml; path = Info.plist; sourceTree = "<group>"; };
		FB61016CBFD22C86C2D0C2B3 /* Pods_Investigation.framework */ = {isa = PBXFileReference; explicitFileType = wrapper.framework; includeInIndex = 0; path = Pods_Investigation.framework; sourceTree = BUILT_PRODUCTS_DIR; };
/* End PBXFileReference section */

/* Begin PBXFrameworksBuildPhase section */
		E96F58A92347A48500FC55FC /* Frameworks */ = {
			isa = PBXFrameworksBuildPhase;
			buildActionMask = 2147483647;
			files = (
				6BF0839B928AA9FC6352808B /* Pods_Investigation.framework in Frameworks */,
			);
			runOnlyForDeploymentPostprocessing = 0;
		};
/* End PBXFrameworksBuildPhase section */

/* Begin PBXGroup section */
		29401B334905D9FC716EE7B6 /* Frameworks */ = {
			isa = PBXGroup;
			children = (
				FB61016CBFD22C86C2D0C2B3 /* Pods_Investigation.framework */,
			);
			name = Frameworks;
			sourceTree = "<group>";
		};
		633100BCD9459636402CCF35 /* Pods */ = {
			isa = PBXGroup;
			children = (
				7A60C74EDF01E0E6E0BD9DE5 /* Pods-Investigation.debug.xcconfig */,
				85D49C34312B802CC95D3504 /* Pods-Investigation.release.xcconfig */,
			);
			name = Pods;
			path = Pods;
			sourceTree = "<group>";
		};
		E96F58A32347A48400FC55FC = {
			isa = PBXGroup;
			children = (
				E96F58AE2347A48500FC55FC /* Investigation */,
				E96F58AD2347A48500FC55FC /* Products */,
				633100BCD9459636402CCF35 /* Pods */,
				29401B334905D9FC716EE7B6 /* Frameworks */,
			);
			sourceTree = "<group>";
		};
		E96F58AD2347A48500FC55FC /* Products */ = {
			isa = PBXGroup;
			children = (
				E96F58AC2347A48500FC55FC /* Investigation.app */,
			);
			name = Products;
			sourceTree = "<group>";
		};
		E96F58AE2347A48500FC55FC /* Investigation */ = {
			isa = PBXGroup;
			children = (
				E96F58AF2347A48500FC55FC /* AppDelegate.swift */,
				E96F58B12347A48500FC55FC /* SceneDelegate.swift */,
				E96F58B32347A48500FC55FC /* ViewController.swift */,
				E96F58B52347A48500FC55FC /* Main.storyboard */,
				E96F58B82347A48700FC55FC /* Assets.xcassets */,
				E96F58BA2347A48700FC55FC /* LaunchScreen.storyboard */,
				E96F58BD2347A48700FC55FC /* Info.plist */,
			);
			path = Investigation;
			sourceTree = "<group>";
		};
/* End PBXGroup section */

/* Begin PBXNativeTarget section */
		E96F58AB2347A48500FC55FC /* Investigation */ = {
			isa = PBXNativeTarget;
			buildConfigurationList = E96F58C02347A48700FC55FC /* Build configuration list for PBXNativeTarget "Investigation" */;
			buildPhases = (
				789FAB04F02EC91F22984539 /* [CP] Check Pods Manifest.lock */,
				E96F58A82347A48500FC55FC /* Sources */,
				E96F58A92347A48500FC55FC /* Frameworks */,
				E96F58AA2347A48500FC55FC /* Resources */,
				1D619ECFF9E5ADCF36739B79 /* [CP] Embed Pods Frameworks */,
			);
			buildRules = (
			);
			dependencies = (
			);
			name = Investigation;
			productName = Investigation;
			productReference = E96F58AC2347A48500FC55FC /* Investigation.app */;
			productType = "com.apple.product-type.application";
		};
/* End PBXNativeTarget section */

/* Begin PBXProject section */
		E96F58A42347A48500FC55FC /* Project object */ = {
			isa = PBXProject;
			attributes = {
				LastSwiftUpdateCheck = 1100;
				LastUpgradeCheck = 1100;
				ORGANIZATIONNAME = Dukhovich;
				TargetAttributes = {
					E96F58AB2347A48500FC55FC = {
						CreatedOnToolsVersion = 11.0;
					};
				};
			};
			buildConfigurationList = E96F58A72347A48500FC55FC /* Build configuration list for PBXProject "Investigation" */;
			compatibilityVersion = "Xcode 9.3";
			developmentRegion = en;
			hasScannedForEncodings = 0;
			knownRegions = (
				en,
				Base,
			);
			mainGroup = E96F58A32347A48400FC55FC;
			productRefGroup = E96F58AD2347A48500FC55FC /* Products */;
			projectDirPath = "";
			projectRoot = "";
			targets = (
				E96F58AB2347A48500FC55FC /* Investigation */,
			);
		};
/* End PBXProject section */

/* Begin PBXResourcesBuildPhase section */
		E96F58AA2347A48500FC55FC /* Resources */ = {
			isa = PBXResourcesBuildPhase;
			buildActionMask = 2147483647;
			files = (
				E96F58BC2347A48700FC55FC /* LaunchScreen.storyboard in Resources */,
				E96F58B92347A48700FC55FC /* Assets.xcassets in Resources */,
				E96F58B72347A48500FC55FC /* Main.storyboard in Resources */,
			);
			runOnlyForDeploymentPostprocessing = 0;
		};
/* End PBXResourcesBuildPhase section */

/* Begin PBXShellScriptBuildPhase section */
		1D619ECFF9E5ADCF36739B79 /* [CP] Embed Pods Frameworks */ = {
			isa = PBXShellScriptBuildPhase;
			buildActionMask = 2147483647;
			files = (
			);
			inputFileListPaths = (
				"${PODS_ROOT}/Target Support Files/Pods-Investigation/Pods-Investigation-frameworks-${CONFIGURATION}-input-files.xcfilelist",
			);
			name = "[CP] Embed Pods Frameworks";
			outputFileListPaths = (
				"${PODS_ROOT}/Target Support Files/Pods-Investigation/Pods-Investigation-frameworks-${CONFIGURATION}-output-files.xcfilelist",
			);
			runOnlyForDeploymentPostprocessing = 0;
			shellPath = /bin/sh;
			shellScript = "\"${PODS_ROOT}/Target Support Files/Pods-Investigation/Pods-Investigation-frameworks.sh\"\n";
			showEnvVarsInLog = 0;
		};
		789FAB04F02EC91F22984539 /* [CP] Check Pods Manifest.lock */ = {
			isa = PBXShellScriptBuildPhase;
			buildActionMask = 2147483647;
			files = (
			);
			inputFileListPaths = (
			);
			inputPaths = (
				"${PODS_PODFILE_DIR_PATH}/Podfile.lock",
				"${PODS_ROOT}/Manifest.lock",
			);
			name = "[CP] Check Pods Manifest.lock";
			outputFileListPaths = (
			);
			outputPaths = (
				"$(DERIVED_FILE_DIR)/Pods-Investigation-checkManifestLockResult.txt",
			);
			runOnlyForDeploymentPostprocessing = 0;
			shellPath = /bin/sh;
			shellScript = "diff \"${PODS_PODFILE_DIR_PATH}/Podfile.lock\" \"${PODS_ROOT}/Manifest.lock\" > /dev/null\nif [ $? != 0 ] ; then\n    # print error to STDERR\n    echo \"error: The sandbox is not in sync with the Podfile.lock. Run 'pod install' or update your CocoaPods installation.\" >&2\n    exit 1\nfi\n# This output is used by Xcode 'outputs' to avoid re-running this script phase.\necho \"SUCCESS\" > \"${SCRIPT_OUTPUT_FILE_0}\"\n";
			showEnvVarsInLog = 0;
		};
/* End PBXShellScriptBuildPhase section */

/* Begin PBXSourcesBuildPhase section */
		E96F58A82347A48500FC55FC /* Sources */ = {
			isa = PBXSourcesBuildPhase;
			buildActionMask = 2147483647;
			files = (
				E96F58B42347A48500FC55FC /* ViewController.swift in Sources */,
				E96F58B02347A48500FC55FC /* AppDelegate.swift in Sources */,
				E96F58B22347A48500FC55FC /* SceneDelegate.swift in Sources */,
			);
			runOnlyForDeploymentPostprocessing = 0;
		};
/* End PBXSourcesBuildPhase section */

/* Begin PBXVariantGroup section */
		E96F58B52347A48500FC55FC /* Main.storyboard */ = {
			isa = PBXVariantGroup;
			children = (
				E96F58B62347A48500FC55FC /* Base */,
			);
			name = Main.storyboard;
			sourceTree = "<group>";
		};
		E96F58BA2347A48700FC55FC /* LaunchScreen.storyboard */ = {
			isa = PBXVariantGroup;
			children = (
				E96F58BB2347A48700FC55FC /* Base */,
			);
			name = LaunchScreen.storyboard;
			sourceTree = "<group>";
		};
/* End PBXVariantGroup section */

/* Begin XCBuildConfiguration section */
		E96F58BE2347A48700FC55FC /* Debug */ = {
			isa = XCBuildConfiguration;
			buildSettings = {
				ALWAYS_SEARCH_USER_PATHS = NO;
				CLANG_ANALYZER_NONNULL = YES;
				CLANG_ANALYZER_NUMBER_OBJECT_CONVERSION = YES_AGGRESSIVE;
				CLANG_CXX_LANGUAGE_STANDARD = "gnu++14";
				CLANG_CXX_LIBRARY = "libc++";
				CLANG_ENABLE_MODULES = YES;
				CLANG_ENABLE_OBJC_ARC = YES;
				CLANG_ENABLE_OBJC_WEAK = YES;
				CLANG_WARN_BLOCK_CAPTURE_AUTORELEASING = YES;
				CLANG_WARN_BOOL_CONVERSION = YES;
				CLANG_WARN_COMMA = YES;
				CLANG_WARN_CONSTANT_CONVERSION = YES;
				CLANG_WARN_DEPRECATED_OBJC_IMPLEMENTATIONS = YES;
				CLANG_WARN_DIRECT_OBJC_ISA_USAGE = YES_ERROR;
				CLANG_WARN_DOCUMENTATION_COMMENTS = YES;
				CLANG_WARN_EMPTY_BODY = YES;
				CLANG_WARN_ENUM_CONVERSION = YES;
				CLANG_WARN_INFINITE_RECURSION = YES;
				CLANG_WARN_INT_CONVERSION = YES;
				CLANG_WARN_NON_LITERAL_NULL_CONVERSION = YES;
				CLANG_WARN_OBJC_IMPLICIT_RETAIN_SELF = YES;
				CLANG_WARN_OBJC_LITERAL_CONVERSION = YES;
				CLANG_WARN_OBJC_ROOT_CLASS = YES_ERROR;
				CLANG_WARN_RANGE_LOOP_ANALYSIS = YES;
				CLANG_WARN_STRICT_PROTOTYPES = YES;
				CLANG_WARN_SUSPICIOUS_MOVE = YES;
				CLANG_WARN_UNGUARDED_AVAILABILITY = YES_AGGRESSIVE;
				CLANG_WARN_UNREACHABLE_CODE = YES;
				CLANG_WARN__DUPLICATE_METHOD_MATCH = YES;
				COPY_PHASE_STRIP = NO;
				DEBUG_INFORMATION_FORMAT = dwarf;
				ENABLE_STRICT_OBJC_MSGSEND = YES;
				ENABLE_TESTABILITY = YES;
				GCC_C_LANGUAGE_STANDARD = gnu11;
				GCC_DYNAMIC_NO_PIC = NO;
				GCC_NO_COMMON_BLOCKS = YES;
				GCC_OPTIMIZATION_LEVEL = 0;
				GCC_PREPROCESSOR_DEFINITIONS = (
					"DEBUG=1",
					"$(inherited)",
				);
				GCC_WARN_64_TO_32_BIT_CONVERSION = YES;
				GCC_WARN_ABOUT_RETURN_TYPE = YES_ERROR;
				GCC_WARN_UNDECLARED_SELECTOR = YES;
				GCC_WARN_UNINITIALIZED_AUTOS = YES_AGGRESSIVE;
				GCC_WARN_UNUSED_FUNCTION = YES;
				GCC_WARN_UNUSED_VARIABLE = YES;
				IPHONEOS_DEPLOYMENT_TARGET = 13.0;
				MTL_ENABLE_DEBUG_INFO = INCLUDE_SOURCE;
				MTL_FAST_MATH = YES;
				ONLY_ACTIVE_ARCH = YES;
				SDKROOT = iphoneos;
				SWIFT_ACTIVE_COMPILATION_CONDITIONS = DEBUG;
				SWIFT_OPTIMIZATION_LEVEL = "-Onone";
			};
			name = Debug;
		};
		E96F58BF2347A48700FC55FC /* Release */ = {
			isa = XCBuildConfiguration;
			buildSettings = {
				ALWAYS_SEARCH_USER_PATHS = NO;
				CLANG_ANALYZER_NONNULL = YES;
				CLANG_ANALYZER_NUMBER_OBJECT_CONVERSION = YES_AGGRESSIVE;
				CLANG_CXX_LANGUAGE_STANDARD = "gnu++14";
				CLANG_CXX_LIBRARY = "libc++";
				CLANG_ENABLE_MODULES = YES;
				CLANG_ENABLE_OBJC_ARC = YES;
				CLANG_ENABLE_OBJC_WEAK = YES;
				CLANG_WARN_BLOCK_CAPTURE_AUTORELEASING = YES;
				CLANG_WARN_BOOL_CONVERSION = YES;
				CLANG_WARN_COMMA = YES;
				CLANG_WARN_CONSTANT_CONVERSION = YES;
				CLANG_WARN_DEPRECATED_OBJC_IMPLEMENTATIONS = YES;
				CLANG_WARN_DIRECT_OBJC_ISA_USAGE = YES_ERROR;
				CLANG_WARN_DOCUMENTATION_COMMENTS = YES;
				CLANG_WARN_EMPTY_BODY = YES;
				CLANG_WARN_ENUM_CONVERSION = YES;
				CLANG_WARN_INFINITE_RECURSION = YES;
				CLANG_WARN_INT_CONVERSION = YES;
				CLANG_WARN_NON_LITERAL_NULL_CONVERSION = YES;
				CLANG_WARN_OBJC_IMPLICIT_RETAIN_SELF = YES;
				CLANG_WARN_OBJC_LITERAL_CONVERSION = YES;
				CLANG_WARN_OBJC_ROOT_CLASS = YES_ERROR;
				CLANG_WARN_RANGE_LOOP_ANALYSIS = YES;
				CLANG_WARN_STRICT_PROTOTYPES = YES;
				CLANG_WARN_SUSPICIOUS_MOVE = YES;
				CLANG_WARN_UNGUARDED_AVAILABILITY = YES_AGGRESSIVE;
				CLANG_WARN_UNREACHABLE_CODE = YES;
				CLANG_WARN__DUPLICATE_METHOD_MATCH = YES;
				COPY_PHASE_STRIP = NO;
				DEBUG_INFORMATION_FORMAT = "dwarf-with-dsym";
				ENABLE_NS_ASSERTIONS = NO;
				ENABLE_STRICT_OBJC_MSGSEND = YES;
				GCC_C_LANGUAGE_STANDARD = gnu11;
				GCC_NO_COMMON_BLOCKS = YES;
				GCC_WARN_64_TO_32_BIT_CONVERSION = YES;
				GCC_WARN_ABOUT_RETURN_TYPE = YES_ERROR;
				GCC_WARN_UNDECLARED_SELECTOR = YES;
				GCC_WARN_UNINITIALIZED_AUTOS = YES_AGGRESSIVE;
				GCC_WARN_UNUSED_FUNCTION = YES;
				GCC_WARN_UNUSED_VARIABLE = YES;
				IPHONEOS_DEPLOYMENT_TARGET = 13.0;
				MTL_ENABLE_DEBUG_INFO = NO;
				MTL_FAST_MATH = YES;
				SDKROOT = iphoneos;
				SWIFT_COMPILATION_MODE = wholemodule;
				SWIFT_OPTIMIZATION_LEVEL = "-O";
				VALIDATE_PRODUCT = YES;
			};
			name = Release;
		};
		E96F58C12347A48700FC55FC /* Debug */ = {
			isa = XCBuildConfiguration;
			baseConfigurationReference = 7A60C74EDF01E0E6E0BD9DE5 /* Pods-Investigation.debug.xcconfig */;
			buildSettings = {
				ASSETCATALOG_COMPILER_APPICON_NAME = AppIcon;
				CODE_SIGN_STYLE = Automatic;
				INFOPLIST_FILE = Investigation/Info.plist;
				LD_RUNPATH_SEARCH_PATHS = (
					"$(inherited)",
					"@executable_path/Frameworks",
				);
				PRODUCT_BUNDLE_IDENTIFIER = by.dukhovich.Investigation;
				PRODUCT_NAME = "$(TARGET_NAME)";
				SWIFT_VERSION = 5.0;
				TARGETED_DEVICE_FAMILY = "1,2";
			};
			name = Debug;
		};
		E96F58C22347A48700FC55FC /* Release */ = {
			isa = XCBuildConfiguration;
			baseConfigurationReference = 85D49C34312B802CC95D3504 /* Pods-Investigation.release.xcconfig */;
			buildSettings = {
				ASSETCATALOG_COMPILER_APPICON_NAME = AppIcon;
				CODE_SIGN_STYLE = Automatic;
				INFOPLIST_FILE = Investigation/Info.plist;
				LD_RUNPATH_SEARCH_PATHS = (
					"$(inherited)",
					"@executable_path/Frameworks",
				);
				PRODUCT_BUNDLE_IDENTIFIER = by.dukhovich.Investigation;
				PRODUCT_NAME = "$(TARGET_NAME)";
				SWIFT_VERSION = 5.0;
				TARGETED_DEVICE_FAMILY = "1,2";
			};
			name = Release;
		};
/* End XCBuildConfiguration section */

/* Begin XCConfigurationList section */
		E96F58A72347A48500FC55FC /* Build configuration list for PBXProject "Investigation" */ = {
			isa = XCConfigurationList;
			buildConfigurations = (
				E96F58BE2347A48700FC55FC /* Debug */,
				E96F58BF2347A48700FC55FC /* Release */,
			);
			defaultConfigurationIsVisible = 0;
			defaultConfigurationName = Release;
		};
		E96F58C02347A48700FC55FC /* Build configuration list for PBXNativeTarget "Investigation" */ = {
			isa = XCConfigurationList;
			buildConfigurations = (
				E96F58C12347A48700FC55FC /* Debug */,
				E96F58C22347A48700FC55FC /* Release */,
			);
			defaultConfigurationIsVisible = 0;
			defaultConfigurationName = Release;
		};
/* End XCConfigurationList section */
	};
	rootObject = E96F58A42347A48500FC55FC /* Project object */;
}
